
Microsoft Visual Studio Solution File, Format Version 12.00
# Visual Studio Version 17
VisualStudioVersion = 17.5.002.0
MinimumVisualStudioVersion = 10.0.40219.1
Project("{9A19103F-16F7-4668-BE54-9A1E7A4F7556}") = "stacks", "stacks\stacks.csproj", "{582A772A-E69C-468D-A746-E7519ECFC33B}"
EndProject
Project("{FAE04EC0-301F-11D3-BF4B-00C04F79EFBC}") = "LinkedList", "LinkedList\LinkedList.csproj", "{CFDAD703-67FA-40B6-91FC-4CBDD0EDDBE3}"
EndProject
Project("{FAE04EC0-301F-11D3-BF4B-00C04F79EFBC}") = "Arrays", "Arrays\Arrays.csproj", "{0A26B592-5220-4B69-8148-3A29F39B98C8}"
EndProject
Global
	GlobalSection(SolutionConfigurationPlatforms) = preSolution
		Debug|Any CPU = Debug|Any CPU
		Release|Any CPU = Release|Any CPU
	EndGlobalSection
	GlobalSection(ProjectConfigurationPlatforms) = postSolution
		{582A772A-E69C-468D-A746-E7519ECFC33B}.Debug|Any CPU.ActiveCfg = Debug|Any CPU
		{582A772A-E69C-468D-A746-E7519ECFC33B}.Debug|Any CPU.Build.0 = Debug|Any CPU
		{582A772A-E69C-468D-A746-E7519ECFC33B}.Release|Any CPU.ActiveCfg = Release|Any CPU
		{582A772A-E69C-468D-A746-E7519ECFC33B}.Release|Any CPU.Build.0 = Release|Any CPU
		{CFDAD703-67FA-40B6-91FC-4CBDD0EDDBE3}.Debug|Any CPU.ActiveCfg = Debug|Any CPU
		{CFDAD703-67FA-40B6-91FC-4CBDD0EDDBE3}.Debug|Any CPU.Build.0 = Debug|Any CPU
		{CFDAD703-67FA-40B6-91FC-4CBDD0EDDBE3}.Release|Any CPU.ActiveCfg = Release|Any CPU
		{CFDAD703-67FA-40B6-91FC-4CBDD0EDDBE3}.Release|Any CPU.Build.0 = Release|Any CPU
		{0A26B592-5220-4B69-8148-3A29F39B98C8}.Debug|Any CPU.ActiveCfg = Debug|Any CPU
		{0A26B592-5220-4B69-8148-3A29F39B98C8}.Debug|Any CPU.Build.0 = Debug|Any CPU
		{0A26B592-5220-4B69-8148-3A29F39B98C8}.Release|Any CPU.ActiveCfg = Release|Any CPU
		{0A26B592-5220-4B69-8148-3A29F39B98C8}.Release|Any CPU.Build.0 = Release|Any CPU
	EndGlobalSection
	GlobalSection(SolutionProperties) = preSolution
		HideSolutionNode = FALSE
	EndGlobalSection
	GlobalSection(ExtensibilityGlobals) = postSolution
		SolutionGuid = {8C36FFFE-0CDE-4303-86FA-1BCFFDBD07A2}
	EndGlobalSection
EndGlobal
